// !$*UTF8*$!
{
	archiveVersion = 1;
	classes = {
	};
	objectVersion = 46;
	objects = {

/* Begin PBXBuildFile section */
		BF111CB01CDF2BCA00842B7C /* bass-drum-long.mp3 in Resources */ = {isa = PBXBuildFile; fileRef = BF111CA71CDF2BCA00842B7C /* bass-drum-long.mp3 */; };
		BF111CB11CDF2BCA00842B7C /* bass-drum.mp3 in Resources */ = {isa = PBXBuildFile; fileRef = BF111CA81CDF2BCA00842B7C /* bass-drum.mp3 */; };
		BF111CB21CDF2BCA00842B7C /* cow-bell.mp3 in Resources */ = {isa = PBXBuildFile; fileRef = BF111CA91CDF2BCA00842B7C /* cow-bell.mp3 */; };
		BF111CB31CDF2BCA00842B7C /* crash.mp3 in Resources */ = {isa = PBXBuildFile; fileRef = BF111CAA1CDF2BCA00842B7C /* crash.mp3 */; };
		BF111CB41CDF2BCA00842B7C /* hi-hat-closed.mp3 in Resources */ = {isa = PBXBuildFile; fileRef = BF111CAB1CDF2BCA00842B7C /* hi-hat-closed.mp3 */; };
		BF111CB51CDF2BCA00842B7C /* hi-hat-open.mp3 in Resources */ = {isa = PBXBuildFile; fileRef = BF111CAC1CDF2BCA00842B7C /* hi-hat-open.mp3 */; };
		BF111CB61CDF2BCA00842B7C /* ride.mp3 in Resources */ = {isa = PBXBuildFile; fileRef = BF111CAD1CDF2BCA00842B7C /* ride.mp3 */; };
		BF111CB71CDF2BCA00842B7C /* snare-drum-closed.mp3 in Resources */ = {isa = PBXBuildFile; fileRef = BF111CAE1CDF2BCA00842B7C /* snare-drum-closed.mp3 */; };
		BF111CB81CDF2BCA00842B7C /* snare-drum-open.mp3 in Resources */ = {isa = PBXBuildFile; fileRef = BF111CAF1CDF2BCA00842B7C /* snare-drum-open.mp3 */; };
		BF111CBA1CDFD8A700842B7C /* SCNNode+Magic.swift in Sources */ = {isa = PBXBuildFile; fileRef = BF111CB91CDFD8A700842B7C /* SCNNode+Magic.swift */; };
		BF48FC9E1CDC4EA700C3ECB4 /* AppDelegate.swift in Sources */ = {isa = PBXBuildFile; fileRef = BF48FC9D1CDC4EA700C3ECB4 /* AppDelegate.swift */; };
		BF48FCA01CDC4EA700C3ECB4 /* art.scnassets in Resources */ = {isa = PBXBuildFile; fileRef = BF48FC9F1CDC4EA700C3ECB4 /* art.scnassets */; };
		BF48FCA21CDC4EA700C3ECB4 /* GameViewController.swift in Sources */ = {isa = PBXBuildFile; fileRef = BF48FCA11CDC4EA700C3ECB4 /* GameViewController.swift */; };
		BF48FCA51CDC4EA700C3ECB4 /* Main.storyboard in Resources */ = {isa = PBXBuildFile; fileRef = BF48FCA31CDC4EA700C3ECB4 /* Main.storyboard */; };
		BF48FCA71CDC4EA700C3ECB4 /* Assets.xcassets in Resources */ = {isa = PBXBuildFile; fileRef = BF48FCA61CDC4EA700C3ECB4 /* Assets.xcassets */; };
		BF48FCAA1CDC4EA700C3ECB4 /* LaunchScreen.storyboard in Resources */ = {isa = PBXBuildFile; fileRef = BF48FCA81CDC4EA700C3ECB4 /* LaunchScreen.storyboard */; };
		BF48FCB21CDC508200C3ECB4 /* MainScene.swift in Sources */ = {isa = PBXBuildFile; fileRef = BF48FCB11CDC508200C3ECB4 /* MainScene.swift */; };
		BF48FCB41CDC564300C3ECB4 /* VRCamera.swift in Sources */ = {isa = PBXBuildFile; fileRef = BF48FCB31CDC564300C3ECB4 /* VRCamera.swift */; };
		BF48FCB81CDC5D0A00C3ECB4 /* VRScene.swift in Sources */ = {isa = PBXBuildFile; fileRef = BF48FCB71CDC5D0A00C3ECB4 /* VRScene.swift */; };
		BF48FCBD1CDC624C00C3ECB4 /* UIView+Magic.swift in Sources */ = {isa = PBXBuildFile; fileRef = BF48FCBC1CDC624C00C3ECB4 /* UIView+Magic.swift */; };
		BF591B9F1CDECA9F00952D7E /* OverlayScene.swift in Sources */ = {isa = PBXBuildFile; fileRef = BF591B9E1CDECA9F00952D7E /* OverlayScene.swift */; };
		BF591BA11CDF053900952D7E /* VRViewportView.swift in Sources */ = {isa = PBXBuildFile; fileRef = BF591BA01CDF053900952D7E /* VRViewportView.swift */; };
		BFB4BD131CE02D51000A9EFF /* trumpet.mp3 in Resources */ = {isa = PBXBuildFile; fileRef = BFB4BD121CE02D51000A9EFF /* trumpet.mp3 */; };
		BFB4BD151CE02E54000A9EFF /* timpani.mp3 in Resources */ = {isa = PBXBuildFile; fileRef = BFB4BD141CE02E54000A9EFF /* timpani.mp3 */; };
		BFB4BD171CE02F14000A9EFF /* harp.mp3 in Resources */ = {isa = PBXBuildFile; fileRef = BFB4BD161CE02F14000A9EFF /* harp.mp3 */; };
		BFFA42B91CDEB538007D4EAD /* VRView.swift in Sources */ = {isa = PBXBuildFile; fileRef = BFFA42B81CDEB538007D4EAD /* VRView.swift */; };
/* End PBXBuildFile section */

/* Begin PBXFileReference section */
		BF111CA71CDF2BCA00842B7C /* bass-drum-long.mp3 */ = {isa = PBXFileReference; lastKnownFileType = audio.mp3; path = "bass-drum-long.mp3"; sourceTree = "<group>"; };
		BF111CA81CDF2BCA00842B7C /* bass-drum.mp3 */ = {isa = PBXFileReference; lastKnownFileType = audio.mp3; path = "bass-drum.mp3"; sourceTree = "<group>"; };
		BF111CA91CDF2BCA00842B7C /* cow-bell.mp3 */ = {isa = PBXFileReference; lastKnownFileType = audio.mp3; path = "cow-bell.mp3"; sourceTree = "<group>"; };
		BF111CAA1CDF2BCA00842B7C /* crash.mp3 */ = {isa = PBXFileReference; lastKnownFileType = audio.mp3; path = crash.mp3; sourceTree = "<group>"; };
		BF111CAB1CDF2BCA00842B7C /* hi-hat-closed.mp3 */ = {isa = PBXFileReference; lastKnownFileType = audio.mp3; path = "hi-hat-closed.mp3"; sourceTree = "<group>"; };
		BF111CAC1CDF2BCA00842B7C /* hi-hat-open.mp3 */ = {isa = PBXFileReference; lastKnownFileType = audio.mp3; path = "hi-hat-open.mp3"; sourceTree = "<group>"; };
		BF111CAD1CDF2BCA00842B7C /* ride.mp3 */ = {isa = PBXFileReference; lastKnownFileType = audio.mp3; path = ride.mp3; sourceTree = "<group>"; };
		BF111CAE1CDF2BCA00842B7C /* snare-drum-closed.mp3 */ = {isa = PBXFileReference; lastKnownFileType = audio.mp3; path = "snare-drum-closed.mp3"; sourceTree = "<group>"; };
		BF111CAF1CDF2BCA00842B7C /* snare-drum-open.mp3 */ = {isa = PBXFileReference; lastKnownFileType = audio.mp3; path = "snare-drum-open.mp3"; sourceTree = "<group>"; };
		BF111CB91CDFD8A700842B7C /* SCNNode+Magic.swift */ = {isa = PBXFileReference; fileEncoding = 4; lastKnownFileType = sourcecode.swift; path = "SCNNode+Magic.swift"; sourceTree = "<group>"; };
		BF48FC9A1CDC4EA700C3ECB4 /* VRMusicRoom.app */ = {isa = PBXFileReference; explicitFileType = wrapper.application; includeInIndex = 0; path = VRMusicRoom.app; sourceTree = BUILT_PRODUCTS_DIR; };
		BF48FC9D1CDC4EA700C3ECB4 /* AppDelegate.swift */ = {isa = PBXFileReference; lastKnownFileType = sourcecode.swift; path = AppDelegate.swift; sourceTree = "<group>"; };
		BF48FC9F1CDC4EA700C3ECB4 /* art.scnassets */ = {isa = PBXFileReference; lastKnownFileType = wrapper.scnassets; path = art.scnassets; sourceTree = "<group>"; };
		BF48FCA11CDC4EA700C3ECB4 /* GameViewController.swift */ = {isa = PBXFileReference; lastKnownFileType = sourcecode.swift; path = GameViewController.swift; sourceTree = "<group>"; };
		BF48FCA41CDC4EA700C3ECB4 /* Base */ = {isa = PBXFileReference; lastKnownFileType = file.storyboard; name = Base; path = Base.lproj/Main.storyboard; sourceTree = "<group>"; };
		BF48FCA61CDC4EA700C3ECB4 /* Assets.xcassets */ = {isa = PBXFileReference; lastKnownFileType = folder.assetcatalog; path = Assets.xcassets; sourceTree = "<group>"; };
		BF48FCA91CDC4EA700C3ECB4 /* Base */ = {isa = PBXFileReference; lastKnownFileType = file.storyboard; name = Base; path = Base.lproj/LaunchScreen.storyboard; sourceTree = "<group>"; };
		BF48FCAB1CDC4EA700C3ECB4 /* Info.plist */ = {isa = PBXFileReference; lastKnownFileType = text.plist.xml; path = Info.plist; sourceTree = "<group>"; };
		BF48FCB11CDC508200C3ECB4 /* MainScene.swift */ = {isa = PBXFileReference; fileEncoding = 4; lastKnownFileType = sourcecode.swift; path = MainScene.swift; sourceTree = "<group>"; };
		BF48FCB31CDC564300C3ECB4 /* VRCamera.swift */ = {isa = PBXFileReference; fileEncoding = 4; lastKnownFileType = sourcecode.swift; path = VRCamera.swift; sourceTree = "<group>"; };
		BF48FCB71CDC5D0A00C3ECB4 /* VRScene.swift */ = {isa = PBXFileReference; fileEncoding = 4; lastKnownFileType = sourcecode.swift; path = VRScene.swift; sourceTree = "<group>"; };
		BF48FCBC1CDC624C00C3ECB4 /* UIView+Magic.swift */ = {isa = PBXFileReference; fileEncoding = 4; lastKnownFileType = sourcecode.swift; path = "UIView+Magic.swift"; sourceTree = "<group>"; };
		BF591B9E1CDECA9F00952D7E /* OverlayScene.swift */ = {isa = PBXFileReference; fileEncoding = 4; lastKnownFileType = sourcecode.swift; path = OverlayScene.swift; sourceTree = "<group>"; };
		BF591BA01CDF053900952D7E /* VRViewportView.swift */ = {isa = PBXFileReference; fileEncoding = 4; lastKnownFileType = sourcecode.swift; path = VRViewportView.swift; sourceTree = "<group>"; };
		BFB4BD121CE02D51000A9EFF /* trumpet.mp3 */ = {isa = PBXFileReference; lastKnownFileType = audio.mp3; path = trumpet.mp3; sourceTree = "<group>"; };
		BFB4BD141CE02E54000A9EFF /* timpani.mp3 */ = {isa = PBXFileReference; lastKnownFileType = audio.mp3; path = timpani.mp3; sourceTree = "<group>"; };
		BFB4BD161CE02F14000A9EFF /* harp.mp3 */ = {isa = PBXFileReference; lastKnownFileType = audio.mp3; path = harp.mp3; sourceTree = "<group>"; };
		BFFA42B81CDEB538007D4EAD /* VRView.swift */ = {isa = PBXFileReference; fileEncoding = 4; lastKnownFileType = sourcecode.swift; path = VRView.swift; sourceTree = "<group>"; };
/* End PBXFileReference section */

/* Begin PBXFrameworksBuildPhase section */
		BF48FC971CDC4EA700C3ECB4 /* Frameworks */ = {
			isa = PBXFrameworksBuildPhase;
			buildActionMask = 2147483647;
			files = (
			);
			runOnlyForDeploymentPostprocessing = 0;
		};
/* End PBXFrameworksBuildPhase section */

/* Begin PBXGroup section */
		BF111C941CDF25EE00842B7C /* Sound */ = {
			isa = PBXGroup;
			children = (
				BFB4BD161CE02F14000A9EFF /* harp.mp3 */,
				BFB4BD141CE02E54000A9EFF /* timpani.mp3 */,
				BFB4BD121CE02D51000A9EFF /* trumpet.mp3 */,
				BF111CA71CDF2BCA00842B7C /* bass-drum-long.mp3 */,
				BF111CA81CDF2BCA00842B7C /* bass-drum.mp3 */,
				BF111CA91CDF2BCA00842B7C /* cow-bell.mp3 */,
				BF111CAA1CDF2BCA00842B7C /* crash.mp3 */,
				BF111CAB1CDF2BCA00842B7C /* hi-hat-closed.mp3 */,
				BF111CAC1CDF2BCA00842B7C /* hi-hat-open.mp3 */,
				BF111CAD1CDF2BCA00842B7C /* ride.mp3 */,
				BF111CAE1CDF2BCA00842B7C /* snare-drum-closed.mp3 */,
				BF111CAF1CDF2BCA00842B7C /* snare-drum-open.mp3 */,
			);
			name = Sound;
			sourceTree = "<group>";
		};
		BF48FC911CDC4EA700C3ECB4 = {
			isa = PBXGroup;
			children = (
				BF48FC9C1CDC4EA700C3ECB4 /* VRMusicRoom */,
				BF48FC9B1CDC4EA700C3ECB4 /* Products */,
			);
			sourceTree = "<group>";
		};
		BF48FC9B1CDC4EA700C3ECB4 /* Products */ = {
			isa = PBXGroup;
			children = (
				BF48FC9A1CDC4EA700C3ECB4 /* VRMusicRoom.app */,
			);
			name = Products;
			sourceTree = "<group>";
		};
		BF48FC9C1CDC4EA700C3ECB4 /* VRMusicRoom */ = {
			isa = PBXGroup;
			children = (
				BF48FC9D1CDC4EA700C3ECB4 /* AppDelegate.swift */,
				BF48FCA11CDC4EA700C3ECB4 /* GameViewController.swift */,
				BF48FCB11CDC508200C3ECB4 /* MainScene.swift */,
				BF591B9E1CDECA9F00952D7E /* OverlayScene.swift */,
				BF48FCB91CDC5D2400C3ECB4 /* VR */,
				BF48FCBB1CDC624300C3ECB4 /* Magic */,
				BF48FCBA1CDC5D2B00C3ECB4 /* Resources */,
			);
			path = VRMusicRoom;
			sourceTree = "<group>";
		};
		BF48FCB91CDC5D2400C3ECB4 /* VR */ = {
			isa = PBXGroup;
			children = (
				BFFA42B81CDEB538007D4EAD /* VRView.swift */,
				BF591BA01CDF053900952D7E /* VRViewportView.swift */,
				BF48FCB71CDC5D0A00C3ECB4 /* VRScene.swift */,
				BF48FCB31CDC564300C3ECB4 /* VRCamera.swift */,
			);
			name = VR;
			sourceTree = "<group>";
		};
		BF48FCBA1CDC5D2B00C3ECB4 /* Resources */ = {
			isa = PBXGroup;
			children = (
				BF111C941CDF25EE00842B7C /* Sound */,
				BF48FC9F1CDC4EA700C3ECB4 /* art.scnassets */,
				BF48FCA61CDC4EA700C3ECB4 /* Assets.xcassets */,
				BF48FCA31CDC4EA700C3ECB4 /* Main.storyboard */,
				BF48FCA81CDC4EA700C3ECB4 /* LaunchScreen.storyboard */,
				BF48FCAB1CDC4EA700C3ECB4 /* Info.plist */,
			);
			name = Resources;
			sourceTree = "<group>";
		};
		BF48FCBB1CDC624300C3ECB4 /* Magic */ = {
			isa = PBXGroup;
			children = (
				BF48FCBC1CDC624C00C3ECB4 /* UIView+Magic.swift */,
				BF111CB91CDFD8A700842B7C /* SCNNode+Magic.swift */,
			);
			name = Magic;
			sourceTree = "<group>";
		};
/* End PBXGroup section */

/* Begin PBXNativeTarget section */
		BF48FC991CDC4EA700C3ECB4 /* VRMusicRoom */ = {
			isa = PBXNativeTarget;
			buildConfigurationList = BF48FCAE1CDC4EA700C3ECB4 /* Build configuration list for PBXNativeTarget "VRMusicRoom" */;
			buildPhases = (
				BF48FC961CDC4EA700C3ECB4 /* Sources */,
				BF48FC971CDC4EA700C3ECB4 /* Frameworks */,
				BF48FC981CDC4EA700C3ECB4 /* Resources */,
			);
			buildRules = (
			);
			dependencies = (
			);
			name = VRMusicRoom;
			productName = VRMusicRoom;
			productReference = BF48FC9A1CDC4EA700C3ECB4 /* VRMusicRoom.app */;
			productType = "com.apple.product-type.application";
		};
/* End PBXNativeTarget section */

/* Begin PBXProject section */
		BF48FC921CDC4EA700C3ECB4 /* Project object */ = {
			isa = PBXProject;
			attributes = {
				LastSwiftUpdateCheck = 0730;
				LastUpgradeCheck = 0730;
				ORGANIZATIONNAME = "Nathan Flurry";
				TargetAttributes = {
					BF48FC991CDC4EA700C3ECB4 = {
						CreatedOnToolsVersion = 7.3.1;
					};
				};
			};
			buildConfigurationList = BF48FC951CDC4EA700C3ECB4 /* Build configuration list for PBXProject "VRMusicRoom" */;
			compatibilityVersion = "Xcode 3.2";
			developmentRegion = English;
			hasScannedForEncodings = 0;
			knownRegions = (
				en,
				Base,
			);
			mainGroup = BF48FC911CDC4EA700C3ECB4;
			productRefGroup = BF48FC9B1CDC4EA700C3ECB4 /* Products */;
			projectDirPath = "";
			projectRoot = "";
			targets = (
				BF48FC991CDC4EA700C3ECB4 /* VRMusicRoom */,
			);
		};
/* End PBXProject section */

/* Begin PBXResourcesBuildPhase section */
		BF48FC981CDC4EA700C3ECB4 /* Resources */ = {
			isa = PBXResourcesBuildPhase;
			buildActionMask = 2147483647;
			files = (
				BFB4BD131CE02D51000A9EFF /* trumpet.mp3 in Resources */,
				BFB4BD171CE02F14000A9EFF /* harp.mp3 in Resources */,
				BF111CB11CDF2BCA00842B7C /* bass-drum.mp3 in Resources */,
				BF111CB61CDF2BCA00842B7C /* ride.mp3 in Resources */,
				BF48FCA01CDC4EA700C3ECB4 /* art.scnassets in Resources */,
				BF111CB41CDF2BCA00842B7C /* hi-hat-closed.mp3 in Resources */,
				BF48FCAA1CDC4EA700C3ECB4 /* LaunchScreen.storyboard in Resources */,
				BF48FCA71CDC4EA700C3ECB4 /* Assets.xcassets in Resources */,
				BF111CB51CDF2BCA00842B7C /* hi-hat-open.mp3 in Resources */,
				BF111CB71CDF2BCA00842B7C /* snare-drum-closed.mp3 in Resources */,
				BF111CB31CDF2BCA00842B7C /* crash.mp3 in Resources */,
				BF48FCA51CDC4EA700C3ECB4 /* Main.storyboard in Resources */,
				BF111CB81CDF2BCA00842B7C /* snare-drum-open.mp3 in Resources */,
				BF111CB01CDF2BCA00842B7C /* bass-drum-long.mp3 in Resources */,
				BF111CB21CDF2BCA00842B7C /* cow-bell.mp3 in Resources */,
				BFB4BD151CE02E54000A9EFF /* timpani.mp3 in Resources */,
			);
			runOnlyForDeploymentPostprocessing = 0;
		};
/* End PBXResourcesBuildPhase section */

/* Begin PBXSourcesBuildPhase section */
		BF48FC961CDC4EA700C3ECB4 /* Sources */ = {
			isa = PBXSourcesBuildPhase;
			buildActionMask = 2147483647;
			files = (
				BFFA42B91CDEB538007D4EAD /* VRView.swift in Sources */,
				BF48FCA21CDC4EA700C3ECB4 /* GameViewController.swift in Sources */,
				BF111CBA1CDFD8A700842B7C /* SCNNode+Magic.swift in Sources */,
				BF48FCB81CDC5D0A00C3ECB4 /* VRScene.swift in Sources */,
				BF48FC9E1CDC4EA700C3ECB4 /* AppDelegate.swift in Sources */,
				BF591BA11CDF053900952D7E /* VRViewportView.swift in Sources */,
				BF48FCBD1CDC624C00C3ECB4 /* UIView+Magic.swift in Sources */,
				BF591B9F1CDECA9F00952D7E /* OverlayScene.swift in Sources */,
				BF48FCB41CDC564300C3ECB4 /* VRCamera.swift in Sources */,
				BF48FCB21CDC508200C3ECB4 /* MainScene.swift in Sources */,
			);
			runOnlyForDeploymentPostprocessing = 0;
		};
/* End PBXSourcesBuildPhase section */

/* Begin PBXVariantGroup section */
		BF48FCA31CDC4EA700C3ECB4 /* Main.storyboard */ = {
			isa = PBXVariantGroup;
			children = (
				BF48FCA41CDC4EA700C3ECB4 /* Base */,
			);
			name = Main.storyboard;
			sourceTree = "<group>";
		};
		BF48FCA81CDC4EA700C3ECB4 /* LaunchScreen.storyboard */ = {
			isa = PBXVariantGroup;
			children = (
				BF48FCA91CDC4EA700C3ECB4 /* Base */,
			);
			name = LaunchScreen.storyboard;
			sourceTree = "<group>";
		};
/* End PBXVariantGroup section */

/* Begin XCBuildConfiguration section */
		BF48FCAC1CDC4EA700C3ECB4 /* Debug */ = {
			isa = XCBuildConfiguration;
			buildSettings = {
				ALWAYS_SEARCH_USER_PATHS = NO;
				CLANG_ANALYZER_NONNULL = YES;
				CLANG_CXX_LANGUAGE_STANDARD = "gnu++0x";
				CLANG_CXX_LIBRARY = "libc++";
				CLANG_ENABLE_MODULES = YES;
				CLANG_ENABLE_OBJC_ARC = YES;
				CLANG_WARN_BOOL_CONVERSION = YES;
				CLANG_WARN_CONSTANT_CONVERSION = YES;
				CLANG_WARN_DIRECT_OBJC_ISA_USAGE = YES_ERROR;
				CLANG_WARN_EMPTY_BODY = YES;
				CLANG_WARN_ENUM_CONVERSION = YES;
				CLANG_WARN_INT_CONVERSION = YES;
				CLANG_WARN_OBJC_ROOT_CLASS = YES_ERROR;
				CLANG_WARN_UNREACHABLE_CODE = YES;
				CLANG_WARN__DUPLICATE_METHOD_MATCH = YES;
				"CODE_SIGN_IDENTITY[sdk=iphoneos*]" = "iPhone Developer";
				COPY_PHASE_STRIP = NO;
				DEBUG_INFORMATION_FORMAT = "dwarf-with-dsym";
				ENABLE_STRICT_OBJC_MSGSEND = YES;
				ENABLE_TESTABILITY = YES;
				GCC_C_LANGUAGE_STANDARD = gnu99;
				GCC_DYNAMIC_NO_PIC = NO;
				GCC_NO_COMMON_BLOCKS = YES;
				GCC_OPTIMIZATION_LEVEL = 0;
				GCC_PREPROCESSOR_DEFINITIONS = (
					"DEBUG=1",
					"$(inherited)",
				);
				GCC_WARN_64_TO_32_BIT_CONVERSION = YES;
				GCC_WARN_ABOUT_RETURN_TYPE = YES_ERROR;
				GCC_WARN_UNDECLARED_SELECTOR = YES;
				GCC_WARN_UNINITIALIZED_AUTOS = YES_AGGRESSIVE;
				GCC_WARN_UNUSED_FUNCTION = YES;
				GCC_WARN_UNUSED_VARIABLE = YES;
				IPHONEOS_DEPLOYMENT_TARGET = 9.3;
				MTL_ENABLE_DEBUG_INFO = YES;
				ONLY_ACTIVE_ARCH = YES;
				SDKROOT = iphoneos;
				SWIFT_OPTIMIZATION_LEVEL = "-Onone";
				TARGETED_DEVICE_FAMILY = "1,2";
			};
			name = Debug;
		};
		BF48FCAD1CDC4EA700C3ECB4 /* Release */ = {
			isa = XCBuildConfiguration;
			buildSettings = {
				ALWAYS_SEARCH_USER_PATHS = NO;
				CLANG_ANALYZER_NONNULL = YES;
				CLANG_CXX_LANGUAGE_STANDARD = "gnu++0x";
				CLANG_CXX_LIBRARY = "libc++";
				CLANG_ENABLE_MODULES = YES;
				CLANG_ENABLE_OBJC_ARC = YES;
				CLANG_WARN_BOOL_CONVERSION = YES;
				CLANG_WARN_CONSTANT_CONVERSION = YES;
				CLANG_WARN_DIRECT_OBJC_ISA_USAGE = YES_ERROR;
				CLANG_WARN_EMPTY_BODY = YES;
				CLANG_WARN_ENUM_CONVERSION = YES;
				CLANG_WARN_INT_CONVERSION = YES;
				CLANG_WARN_OBJC_ROOT_CLASS = YES_ERROR;
				CLANG_WARN_UNREACHABLE_CODE = YES;
				CLANG_WARN__DUPLICATE_METHOD_MATCH = YES;
				"CODE_SIGN_IDENTITY[sdk=iphoneos*]" = "iPhone Developer";
				COPY_PHASE_STRIP = NO;
				DEBUG_INFORMATION_FORMAT = "dwarf-with-dsym";
				ENABLE_NS_ASSERTIONS = NO;
				ENABLE_STRICT_OBJC_MSGSEND = YES;
				GCC_C_LANGUAGE_STANDARD = gnu99;
				GCC_NO_COMMON_BLOCKS = YES;
				GCC_WARN_64_TO_32_BIT_CONVERSION = YES;
				GCC_WARN_ABOUT_RETURN_TYPE = YES_ERROR;
				GCC_WARN_UNDECLARED_SELECTOR = YES;
				GCC_WARN_UNINITIALIZED_AUTOS = YES_AGGRESSIVE;
				GCC_WARN_UNUSED_FUNCTION = YES;
				GCC_WARN_UNUSED_VARIABLE = YES;
				IPHONEOS_DEPLOYMENT_TARGET = 9.3;
				MTL_ENABLE_DEBUG_INFO = NO;
				SDKROOT = iphoneos;
				TARGETED_DEVICE_FAMILY = "1,2";
				VALIDATE_PRODUCT = YES;
			};
			name = Release;
		};
		BF48FCAF1CDC4EA700C3ECB4 /* Debug */ = {
			isa = XCBuildConfiguration;
			buildSettings = {
				ASSETCATALOG_COMPILER_APPICON_NAME = AppIcon;
				INFOPLIST_FILE = VRMusicRoom/Info.plist;
				LD_RUNPATH_SEARCH_PATHS = "$(inherited) @executable_path/Frameworks";
				PRODUCT_BUNDLE_IDENTIFIER = com.nathanflurry.VRMusicRoom;
				PRODUCT_NAME = "$(TARGET_NAME)";
				TARGETED_DEVICE_FAMILY = "1,2";
			};
			name = Debug;
		};
		BF48FCB01CDC4EA700C3ECB4 /* Release */ = {
			isa = XCBuildConfiguration;
			buildSettings = {
				ASSETCATALOG_COMPILER_APPICON_NAME = AppIcon;
				INFOPLIST_FILE = VRMusicRoom/Info.plist;
				LD_RUNPATH_SEARCH_PATHS = "$(inherited) @executable_path/Frameworks";
				PRODUCT_BUNDLE_IDENTIFIER = com.nathanflurry.VRMusicRoom;
				PRODUCT_NAME = "$(TARGET_NAME)";
				TARGETED_DEVICE_FAMILY = "1,2";
			};
			name = Release;
		};
/* End XCBuildConfiguration section */

/* Begin XCConfigurationList section */
		BF48FC951CDC4EA700C3ECB4 /* Build configuration list for PBXProject "VRMusicRoom" */ = {
			isa = XCConfigurationList;
			buildConfigurations = (
				BF48FCAC1CDC4EA700C3ECB4 /* Debug */,
				BF48FCAD1CDC4EA700C3ECB4 /* Release */,
			);
			defaultConfigurationIsVisible = 0;
			defaultConfigurationName = Release;
		};
		BF48FCAE1CDC4EA700C3ECB4 /* Build configuration list for PBXNativeTarget "VRMusicRoom" */ = {
			isa = XCConfigurationList;
			buildConfigurations = (
				BF48FCAF1CDC4EA700C3ECB4 /* Debug */,
				BF48FCB01CDC4EA700C3ECB4 /* Release */,
			);
			defaultConfigurationIsVisible = 0;
			defaultConfigurationName = Release;
		};
/* End XCConfigurationList section */
	};
	rootObject = BF48FC921CDC4EA700C3ECB4 /* Project object */;
}
